<Solution>
  <Folder Name="/Core/">
    <Project Path="MadWorldNL.Umiko.Aspire\Aspire.csproj" />
  </Folder>
  <Folder Name="/Core/Application/">
    <Project Path="MadWorldNL.Umiko.Application.Domain\Domain.csproj" />
    <Project Path="MadWorldNL.Umiko.Application.Frameworks\Frameworks.csproj" />
    <Project Path="MadWorldNL.Umiko.Application.Functions\Functions.csproj" />
  </Folder>
  <Folder Name="/Core/Controllers/">
    <Project Path="MadWorldNL.Umiko.Controllers.Api.Contracts\Api.Contracts.csproj" />
    <Project Path="MadWorldNL.Umiko.Controllers.Api\Api.csproj" />
    <Project Path="MadWorldNL.Umiko.Controllers.Bus\Bus.csproj" />
    <Project Path="MadWorldNL.Umiko.Controllers.Web.Administrators\Web.Administrators.csproj" />
    <Project Path="MadWorldNL.Umiko.Controllers.Web.Users\Web.Users.csproj" />
  </Folder>
  <Folder Name="/Core/Infrastructures/">
    <Project Path="MadWorldNL.Umiko.Infrastructures.Postgresql\Postgresql.csproj" />
    <Project Path="MadWorldNL.Umiko.Infrastructures.RabbitMQ\RabbitMQ.csproj" />
  </Folder>
  <Folder Name="/Tests/">
    <Project Path="MadWorldNL.Umiko.ArchitectureTests\ArchitectureTests.csproj" />
    <Project Path="MadWorldNL.Umiko.Aspire.Tests\Aspire.Tests.csproj" />
  </Folder>
  <Folder Name="/Tests/Controllers/">
    <Project Path="MadWorldNL.Umiko.Controllers.IntegrationTests\IntegrationTests.csproj" />
  </Folder>
  <Folder Name="/_Repository/">
    <File Path="..\CLAUDE.md" />
    <File Path="..\CODE_OF_CONDUCT.md" />
    <File Path="..\CONTRIBUTING.md" />
    <File Path="..\LICENSE" />
    <File Path="..\README.md" />
    <File Path="..\SECURITY.md" />
  </Folder>
  <Folder Name="/_Repository/documentation/">
    <File Path="..\documentation\ubuntu-dev-environment.md" />
  </Folder>
  <Folder Name="/_Repository/github/">
    <File Path="..\.github\ISSUE_TEMPLATE\bug_report.md" />
    <File Path="..\.github\ISSUE_TEMPLATE\feature_request.md" />
    <File Path="..\.github\pull_request_template.md" />
  </Folder>
  <Folder Name="/_Repository/github/workflows/">
    <File Path="..\.github\workflows\build.yml" />
    <File Path="..\.github\workflows\claude-code-review.yml" />
    <File Path="..\.github\workflows\claude.yml" />
    <File Path="..\.github\workflows\publish-containers.yml" />
    <File Path="..\.github\workflows\sonarqube.yml" />
  </Folder>
  <Folder Name="/_Solution/">
    <File Path="Directory.Build.props" />
    <File Path="Directory.Packages.props" />
  </Folder>
</Solution>
